{
  "name": "humhub-modules-calendar",
  "version": "0.6.5",
  "lockfileVersion": 1,
  "requires": true,
  "dependencies": {
    "@fullcalendar/core": {
      "version": "4.3.1",
      "resolved": "https://registry.npmjs.org/@fullcalendar/core/-/core-4.3.1.tgz",
      "integrity": "sha512-Eh+p/wpMkWGu26f8NpfQK9ecQMoZxX/aopv+0+4/CH+Ip0paP6iEc40JYgTz7RFl0bFqV1dvwyGyUZ4+9ZeySA=="
    },
    "@fullcalendar/daygrid": {
      "version": "4.3.0",
      "resolved": "https://registry.npmjs.org/@fullcalendar/daygrid/-/daygrid-4.3.0.tgz",
      "integrity": "sha512-OrGaRIGbELESOXOCXtoQVY4cOxnxmN7OrjDGbMoVITdoXWuIZ6sFNO84WcBQoRaIbkmqVM0SAU2MENwy+eEwqQ=="
    },
    "@fullcalendar/interaction": {
      "version": "4.3.0",
      "resolved": "https://registry.npmjs.org/@fullcalendar/interaction/-/interaction-4.3.0.tgz",
      "integrity": "sha512-kaKV+tdgH/oIrwTSMGYFec989L5r+KMYJ9ybwLc8G3LbMVcebo8fAlN9VizmGQAuopKfyvOw8yzJdjfmVCCRYQ=="
    },
    "@fullcalendar/list": {
      "version": "4.3.0",
      "resolved": "https://registry.npmjs.org/@fullcalendar/list/-/list-4.3.0.tgz",
      "integrity": "sha512-Al+XaKynC4RsJpXyWOWJgrVQXFOSC+fg8DI4HGAt/mrrwazZ1L0pTQwCLeU8auZp53VFazCiNxV+jkAbuDdbDQ=="
    },
    "@fullcalendar/moment": {
      "version": "4.3.0",
      "resolved": "https://registry.npmjs.org/@fullcalendar/moment/-/moment-4.3.0.tgz",
      "integrity": "sha512-Ek+wJL+PcLpBddrOoIFLGnqsp1LG5Jm6lWeqA37sKvTwx/02IgZsHzx+lrhzR6l1JTFmtAfuANQeYdYYjVor1Q=="
    },
    "@fullcalendar/moment-timezone": {
      "version": "4.3.0",
      "resolved": "https://registry.npmjs.org/@fullcalendar/moment-timezone/-/moment-timezone-4.3.0.tgz",
      "integrity": "sha512-ko7WEcWtayi4GCUuRv99ml5MxfbZ28l0hWdtL95ErEaHqBrZYn3Y1F0P2jzFklAFKvyywxD0cq61wbGYpI20gg=="
    },
    "@fullcalendar/timegrid": {
      "version": "4.3.0",
      "resolved": "https://registry.npmjs.org/@fullcalendar/timegrid/-/timegrid-4.3.0.tgz",
      "integrity": "sha512-9JCSZbzw2Hi+X893l5X9ViZaWjxh+sDy59o6nKx0gYKwSfs/vKpmk73GBQfKyUv8orkjpnTdPFfeLDZqlzBP4Q==",
      "requires": {
        "@fullcalendar/daygrid": "~4.3.0"
      }
    },
    "moment": {
      "version": "2.24.0",
      "resolved": "https://registry.npmjs.org/moment/-/moment-2.24.0.tgz",
      "integrity": "sha512-bV7f+6l2QigeBBZSM/6yTNq4P2fNpSWj/0e7jQcy87A8e7o2nAfP/34/2ky5Vw4B9S446EtIhodAzkFCcR4dQg=="
    },
    "moment-timezone": {
      "version": "0.5.27",
      "resolved": "https://registry.npmjs.org/moment-timezone/-/moment-timezone-0.5.27.tgz",
      "integrity": "sha512-EIKQs7h5sAsjhPCqN6ggx6cEbs94GK050254TIJySD1bzoM5JTYDwAU1IoVOeTOL6Gm27kYJ51/uuvq1kIlrbw==",
      "requires": {
        "moment": ">= 2.9.0"
      }
    }
  }
}
